PATH
  remote: ../
  specs:
    slack-notifier (0.1.0)
      httparty (~> 0.11)

GEM
  remote: https://rubygems.org/
  specs:
    diff-lcs (1.2.5)
    httparty (0.11.0)
      multi_json (~> 1.0)
      multi_xml (>= 0.5.2)
    multi_json (1.8.4)
    multi_xml (0.5.5)
    rake (10.1.1)
    rspec (3.0.0.beta2)
      rspec-core (= 3.0.0.beta2)
      rspec-expectations (= 3.0.0.beta2)
      rspec-mocks (= 3.0.0.beta2)
    rspec-core (3.0.0.beta2)
      rspec-support (= 3.0.0.beta2)
    rspec-expectations (3.0.0.beta2)
      diff-lcs (>= 1.2.0, < 2.0)
      rspec-support (= 3.0.0.beta2)
    rspec-mocks (3.0.0.beta2)
      rspec-support (= 3.0.0.beta2)
    rspec-support (3.0.0.beta2)

PLATFORMS
  ruby

DEPENDENCIES
  httparty (~> 0.11.0)
  rake (~> 10.1)
  rspec (~> 3.0.0.beta2)
  slack-notifier!
